
Microsoft Visual Studio Solution File, Format Version 12.00
# Visual Studio Version 18
VisualStudioVersion = 18.2.11415.280 d18.0
MinimumVisualStudioVersion = 10.0.40219.1
Project("{FAE04EC0-301F-11D3-BF4B-00C04F79EFBC}") = "Traduccion-php", "Traduccion-php.csproj", "{966C2F9A-E7AC-0075-5903-89D7A0761E4B}"
EndProject
Global
	GlobalSection(SolutionConfigurationPlatforms) = preSolution
		Debug|Any CPU = Debug|Any CPU
		Release|Any CPU = Release|Any CPU
	EndGlobalSection
	GlobalSection(ProjectConfigurationPlatforms) = postSolution
		{966C2F9A-E7AC-0075-5903-89D7A0761E4B}.Debug|Any CPU.ActiveCfg = Debug|Any CPU
		{966C2F9A-E7AC-0075-5903-89D7A0761E4B}.Debug|Any CPU.Build.0 = Debug|Any CPU
		{966C2F9A-E7AC-0075-5903-89D7A0761E4B}.Release|Any CPU.ActiveCfg = Release|Any CPU
		{966C2F9A-E7AC-0075-5903-89D7A0761E4B}.Release|Any CPU.Build.0 = Release|Any CPU
	EndGlobalSection
	GlobalSection(SolutionProperties) = preSolution
		HideSolutionNode = FALSE
	EndGlobalSection
	GlobalSection(ExtensibilityGlobals) = postSolution
		SolutionGuid = {77F2C7F6-5F9B-44C6-AB44-A6873BE32C55}
	EndGlobalSection
EndGlobal
